
Microsoft Visual Studio Solution File, Format Version 12.00
# Visual Studio Version 16
VisualStudioVersion = 25.0.1706.8
MinimumVisualStudioVersion = 10.0.40219.1
Project("{FAE04EC0-301F-11D3-BF4B-00C04F79EFBC}") = "File_IO", "File_IO.csproj", "{F118CACD-8F4C-4D2E-BE58-768DC2699664}"
EndProject
Global
	GlobalSection(SolutionConfigurationPlatforms) = preSolution
		Debug|Any CPU = Debug|Any CPU
		Release|Any CPU = Release|Any CPU
	EndGlobalSection
	GlobalSection(ProjectConfigurationPlatforms) = postSolution
		{F118CACD-8F4C-4D2E-BE58-768DC2699664}.Debug|Any CPU.ActiveCfg = Debug|Any CPU
		{F118CACD-8F4C-4D2E-BE58-768DC2699664}.Debug|Any CPU.Build.0 = Debug|Any CPU
		{F118CACD-8F4C-4D2E-BE58-768DC2699664}.Release|Any CPU.ActiveCfg = Release|Any CPU
		{F118CACD-8F4C-4D2E-BE58-768DC2699664}.Release|Any CPU.Build.0 = Release|Any CPU
	EndGlobalSection
	GlobalSection(SolutionProperties) = preSolution
		HideSolutionNode = FALSE
	EndGlobalSection
	GlobalSection(ExtensibilityGlobals) = postSolution
		SolutionGuid = {6305CF75-63B3-49B1-8C2C-BD496EE70469}
	EndGlobalSection
EndGlobal
